{
  "name": "timetracker",
  "version": "1.0.0",
  "lockfileVersion": 1,
  "requires": true,
  "dependencies": {
    "appjs": {
      "version": "0.0.20",
      "resolved": "https://registry.npmjs.org/appjs/-/appjs-0.0.20.tgz",
      "integrity": "sha1-Ms1i1+i02QgXOLoy2fwb184bX1A=",
      "requires": {
        "mime": "2.0.3"
      }
    },
    "mime": {
      "version": "2.0.3",
      "resolved": "https://registry.npmjs.org/mime/-/mime-2.0.3.tgz",
      "integrity": "sha512-TrpAd/vX3xaLPDgVRm6JkZwLR0KHfukMdU2wTEbqMDdCnY6Yo3mE+mjs9YE6oMNw2QRfXVeBEYpmpO94BIqiug=="
    }
  }
}
